// !$*UTF8*$!
{
	archiveVersion = 1;
	classes = {
	};
	objectVersion = 54;
	objects = {

/* Begin PBXBuildFile section */
		492548AD25AC03EF00A82CD0 /* Final.swift in Sources */ = {isa = PBXBuildFile; fileRef = 492548AC25AC03EF00A82CD0 /* Final.swift */; };
		492548B325AC082900A82CD0 /* Topbanner.swift in Sources */ = {isa = PBXBuildFile; fileRef = 492548B225AC082900A82CD0 /* Topbanner.swift */; };
		492548B625AC1ACE00A82CD0 /* MyPostView.swift in Sources */ = {isa = PBXBuildFile; fileRef = 492548B525AC1ACE00A82CD0 /* MyPostView.swift */; };
		493D4C2625D5D38900C518E8 /* ProfileEdit.swift in Sources */ = {isa = PBXBuildFile; fileRef = 493D4C2525D5D38900C518E8 /* ProfileEdit.swift */; };
		493D4C2925D5D7F400C518E8 /* ProfileHost.swift in Sources */ = {isa = PBXBuildFile; fileRef = 493D4C2825D5D7F400C518E8 /* ProfileHost.swift */; };
		493F204625DCEA71002B2F27 /* NewPostTab.swift in Sources */ = {isa = PBXBuildFile; fileRef = 493F204525DCEA71002B2F27 /* NewPostTab.swift */; };
		493F204925DCEA7E002B2F27 /* PostRow.swift in Sources */ = {isa = PBXBuildFile; fileRef = 493F204825DCEA7E002B2F27 /* PostRow.swift */; };
		493F204D25DCEAA2002B2F27 /* NewPostModel.swift in Sources */ = {isa = PBXBuildFile; fileRef = 493F204C25DCEAA2002B2F27 /* NewPostModel.swift */; };
		4944001125AF707F006A36EA /* commetnts.swift in Sources */ = {isa = PBXBuildFile; fileRef = 4944001025AF707F006A36EA /* commetnts.swift */; };
		494ACB8025F200440031123C /* CreativePosts.swift in Sources */ = {isa = PBXBuildFile; fileRef = 494ACB7F25F200440031123C /* CreativePosts.swift */; };
		494ACB8325F201940031123C /* Main.swift in Sources */ = {isa = PBXBuildFile; fileRef = 494ACB8225F201940031123C /* Main.swift */; };
		494ACB8625F201AA0031123C /* ScrollableTabBar.swift in Sources */ = {isa = PBXBuildFile; fileRef = 494ACB8525F201AA0031123C /* ScrollableTabBar.swift */; };
		494ACB8925F201B40031123C /* TabBar.swift in Sources */ = {isa = PBXBuildFile; fileRef = 494ACB8825F201B40031123C /* TabBar.swift */; };
		496A406425C397A200C68D81 /* SessionStore.swift in Sources */ = {isa = PBXBuildFile; fileRef = 496A406325C397A200C68D81 /* SessionStore.swift */; };
		496A406825C397F000C68D81 /* User.swift in Sources */ = {isa = PBXBuildFile; fileRef = 496A406725C397F000C68D81 /* User.swift */; };
		496A409F25C3BF7800C68D81 /* AuthenticationService.swift in Sources */ = {isa = PBXBuildFile; fileRef = 496A409E25C3BF7800C68D81 /* AuthenticationService.swift */; };
		496A40A625C3D58500C68D81 /* GoogleService-Info.plist in Resources */ = {isa = PBXBuildFile; fileRef = 496A40A525C3D58500C68D81 /* GoogleService-Info.plist */; };
		496B9C2925AB765100430AD3 /* GattonApp.swift in Sources */ = {isa = PBXBuildFile; fileRef = 496B9C2825AB765100430AD3 /* GattonApp.swift */; };
		496B9C2B25AB765100430AD3 /* ContentView.swift in Sources */ = {isa = PBXBuildFile; fileRef = 496B9C2A25AB765100430AD3 /* ContentView.swift */; };
		496B9C2D25AB765200430AD3 /* Assets.xcassets in Resources */ = {isa = PBXBuildFile; fileRef = 496B9C2C25AB765200430AD3 /* Assets.xcassets */; };
		496B9C3025AB765200430AD3 /* Preview Assets.xcassets in Resources */ = {isa = PBXBuildFile; fileRef = 496B9C2F25AB765200430AD3 /* Preview Assets.xcassets */; };
		496B9C5925AB9F4E00430AD3 /* Person.swift in Sources */ = {isa = PBXBuildFile; fileRef = 496B9C5825AB9F4E00430AD3 /* Person.swift */; };
		496B9C5F25AB9F9500430AD3 /* Research.swift in Sources */ = {isa = PBXBuildFile; fileRef = 496B9C5E25AB9F9500430AD3 /* Research.swift */; };
		496B9C6725ABA46900430AD3 /* ClassProfessor.swift in Sources */ = {isa = PBXBuildFile; fileRef = 496B9C6625ABA46900430AD3 /* ClassProfessor.swift */; };
		497EDB3225E33E1B007CD638 /* ProfileView.swift in Sources */ = {isa = PBXBuildFile; fileRef = 497EDB3125E33E1B007CD638 /* ProfileView.swift */; };
		497EECC725D8F937009C7599 /* MyHome.swift in Sources */ = {isa = PBXBuildFile; fileRef = 497EECC625D8F937009C7599 /* MyHome.swift */; };
		4980E8DF25C8FF2D00ED7390 /* ProfileSummary.swift in Sources */ = {isa = PBXBuildFile; fileRef = 4980E8DE25C8FF2D00ED7390 /* ProfileSummary.swift */; };
		4980E8F025C9063D00ED7390 /* AddPost.swift in Sources */ = {isa = PBXBuildFile; fileRef = 4980E8EF25C9063D00ED7390 /* AddPost.swift */; };
		4980E8F625C90AFD00ED7390 /* ContentViewA.swift in Sources */ = {isa = PBXBuildFile; fileRef = 4980E8F525C90AFD00ED7390 /* ContentViewA.swift */; };
		4993646025DB5ECB003E7832 /* Login.swift in Sources */ = {isa = PBXBuildFile; fileRef = 4993645F25DB5ECB003E7832 /* Login.swift */; };
		4993646325DB5FAE003E7832 /* LoginViewModel.swift in Sources */ = {isa = PBXBuildFile; fileRef = 4993646225DB5FAE003E7832 /* LoginViewModel.swift */; };
		49967C3425DBA30D00F9104D /* Register.swift in Sources */ = {isa = PBXBuildFile; fileRef = 49967C3325DBA30D00F9104D /* Register.swift */; };
		49967C3725DBA6F200F9104D /* RegisterViewModel.swift in Sources */ = {isa = PBXBuildFile; fileRef = 49967C3625DBA6F200F9104D /* RegisterViewModel.swift */; };
		49967C3A25DBA88A00F9104D /* ImagePicker.swift in Sources */ = {isa = PBXBuildFile; fileRef = 49967C3925DBA88A00F9104D /* ImagePicker.swift */; };
		49967C3D25DBACB300F9104D /* UploadImage.swift in Sources */ = {isa = PBXBuildFile; fileRef = 49967C3C25DBACB300F9104D /* UploadImage.swift */; };
		49967C4025DBAFEF00F9104D /* Home.swift in Sources */ = {isa = PBXBuildFile; fileRef = 49967C3F25DBAFEE00F9104D /* Home.swift */; };
		49A37D2A25DC53A9000A3658 /* SDWebImageSwiftUI in Frameworks */ = {isa = PBXBuildFile; productRef = 49A37D2925DC53A9000A3658 /* SDWebImageSwiftUI */; };
		49A37D3425DC896A000A3658 /* PostView.swift in Sources */ = {isa = PBXBuildFile; fileRef = 49A37D3325DC896A000A3658 /* PostView.swift */; };
		49A37D3725DC8979000A3658 /* SettingsView.swift in Sources */ = {isa = PBXBuildFile; fileRef = 49A37D3625DC8979000A3658 /* SettingsView.swift */; };
		49A37D3E25DC94FF000A3658 /* SettingsViewModel.swift in Sources */ = {isa = PBXBuildFile; fileRef = 49A37D3D25DC94FF000A3658 /* SettingsViewModel.swift */; };
		49A37D4125DC954F000A3658 /* UserModel.swift in Sources */ = {isa = PBXBuildFile; fileRef = 49A37D4025DC954F000A3658 /* UserModel.swift */; };
		49A37D4425DC9ED4000A3658 /* AlertView.swift in Sources */ = {isa = PBXBuildFile; fileRef = 49A37D4325DC9ED4000A3658 /* AlertView.swift */; };
		49A37D4725DCA1C7000A3658 /* FetchUser.swift in Sources */ = {isa = PBXBuildFile; fileRef = 49A37D4625DCA1C7000A3658 /* FetchUser.swift */; };
		49A37D4A25DCA24B000A3658 /* PostModel.swift in Sources */ = {isa = PBXBuildFile; fileRef = 49A37D4925DCA24B000A3658 /* PostModel.swift */; };
		49A37D5125DCA2BB000A3658 /* PostViewModel.swift in Sources */ = {isa = PBXBuildFile; fileRef = 49A37D5025DCA2BB000A3658 /* PostViewModel.swift */; };
		49A4BDAA25E85ED200646E0A /* ProfileEditView.swift in Sources */ = {isa = PBXBuildFile; fileRef = 49A4BDA925E85ED200646E0A /* ProfileEditView.swift */; };
		49A4BDAD25E85EEF00646E0A /* ProfileViewModel.swift in Sources */ = {isa = PBXBuildFile; fileRef = 49A4BDAC25E85EEF00646E0A /* ProfileViewModel.swift */; };
		49A4BE0525E94F0C00646E0A /* NewPostHome.swift in Sources */ = {isa = PBXBuildFile; fileRef = 49A4BE0425E94F0C00646E0A /* NewPostHome.swift */; };
		49A4BE1125E9536E00646E0A /* SearchTarget.swift in Sources */ = {isa = PBXBuildFile; fileRef = 49A4BE1025E9536E00646E0A /* SearchTarget.swift */; };
		49A4BE1825E97E9E00646E0A /* TargetPostView.swift in Sources */ = {isa = PBXBuildFile; fileRef = 49A4BE1725E97E9E00646E0A /* TargetPostView.swift */; };
		49A678FB25C61A6D005CFFF4 /* Database.swift in Sources */ = {isa = PBXBuildFile; fileRef = 49A678FA25C61A6D005CFFF4 /* Database.swift */; };
		49A678FE25C61B1D005CFFF4 /* DatabaseUnit.swift in Sources */ = {isa = PBXBuildFile; fileRef = 49A678FD25C61B1D005CFFF4 /* DatabaseUnit.swift */; };
		49B0831B25B6953000EB653E /* comments.swift in Sources */ = {isa = PBXBuildFile; fileRef = 49B0831A25B6953000EB653E /* comments.swift */; };
		49DAB9E025B12C5F0052DBF1 /* Post.swift in Sources */ = {isa = PBXBuildFile; fileRef = 49DAB9DF25B12C5F0052DBF1 /* Post.swift */; };
		49EFA06F25AE836F000E1DAF /* Search.swift in Sources */ = {isa = PBXBuildFile; fileRef = 49EFA06E25AE836F000E1DAF /* Search.swift */; };
		49EFA07325AE8382000E1DAF /* Feed.swift in Sources */ = {isa = PBXBuildFile; fileRef = 49EFA07225AE8382000E1DAF /* Feed.swift */; };
		49EFA07D25AE97E0000E1DAF /* LikedButton.swift in Sources */ = {isa = PBXBuildFile; fileRef = 49EFA07C25AE97E0000E1DAF /* LikedButton.swift */; };
		49EFA08C25AEB603000E1DAF /* ModelData.swift in Sources */ = {isa = PBXBuildFile; fileRef = 49EFA08B25AEB603000E1DAF /* ModelData.swift */; };
		49F41A3F25E6C0BE007FDFC6 /* DatabaseViewModel.swift in Sources */ = {isa = PBXBuildFile; fileRef = 49F41A3E25E6C0BE007FDFC6 /* DatabaseViewModel.swift */; };
		D6672E5243290DFBB45252A3 /* Pods_Gatton.framework in Frameworks */ = {isa = PBXBuildFile; fileRef = F578980EFACDA81C10FBB95A /* Pods_Gatton.framework */; };
/* End PBXBuildFile section */

/* Begin PBXFileReference section */
		492548AC25AC03EF00A82CD0 /* Final.swift */ = {isa = PBXFileReference; lastKnownFileType = sourcecode.swift; path = Final.swift; sourceTree = "<group>"; };
		492548B225AC082900A82CD0 /* Topbanner.swift */ = {isa = PBXFileReference; lastKnownFileType = sourcecode.swift; path = Topbanner.swift; sourceTree = "<group>"; };
		492548B525AC1ACE00A82CD0 /* MyPostView.swift */ = {isa = PBXFileReference; lastKnownFileType = sourcecode.swift; path = MyPostView.swift; sourceTree = "<group>"; };
		493D4C2525D5D38900C518E8 /* ProfileEdit.swift */ = {isa = PBXFileReference; lastKnownFileType = sourcecode.swift; path = ProfileEdit.swift; sourceTree = "<group>"; };
		493D4C2825D5D7F400C518E8 /* ProfileHost.swift */ = {isa = PBXFileReference; lastKnownFileType = sourcecode.swift; path = ProfileHost.swift; sourceTree = "<group>"; };
		493F204525DCEA71002B2F27 /* NewPostTab.swift */ = {isa = PBXFileReference; lastKnownFileType = sourcecode.swift; path = NewPostTab.swift; sourceTree = "<group>"; };
		493F204825DCEA7E002B2F27 /* PostRow.swift */ = {isa = PBXFileReference; lastKnownFileType = sourcecode.swift; path = PostRow.swift; sourceTree = "<group>"; };
		493F204C25DCEAA2002B2F27 /* NewPostModel.swift */ = {isa = PBXFileReference; lastKnownFileType = sourcecode.swift; path = NewPostModel.swift; sourceTree = "<group>"; };
		4944001025AF707F006A36EA /* commetnts.swift */ = {isa = PBXFileReference; lastKnownFileType = sourcecode.swift; path = commetnts.swift; sourceTree = "<group>"; };
		494ACB7F25F200440031123C /* CreativePosts.swift */ = {isa = PBXFileReference; lastKnownFileType = sourcecode.swift; path = CreativePosts.swift; sourceTree = "<group>"; };
		494ACB8225F201940031123C /* Main.swift */ = {isa = PBXFileReference; lastKnownFileType = sourcecode.swift; path = Main.swift; sourceTree = "<group>"; };
		494ACB8525F201AA0031123C /* ScrollableTabBar.swift */ = {isa = PBXFileReference; lastKnownFileType = sourcecode.swift; path = ScrollableTabBar.swift; sourceTree = "<group>"; };
		494ACB8825F201B40031123C /* TabBar.swift */ = {isa = PBXFileReference; lastKnownFileType = sourcecode.swift; path = TabBar.swift; sourceTree = "<group>"; };
		496A406325C397A200C68D81 /* SessionStore.swift */ = {isa = PBXFileReference; lastKnownFileType = sourcecode.swift; path = SessionStore.swift; sourceTree = "<group>"; };
		496A406725C397F000C68D81 /* User.swift */ = {isa = PBXFileReference; lastKnownFileType = sourcecode.swift; path = User.swift; sourceTree = "<group>"; };
		496A409E25C3BF7800C68D81 /* AuthenticationService.swift */ = {isa = PBXFileReference; lastKnownFileType = sourcecode.swift; path = AuthenticationService.swift; sourceTree = "<group>"; };
		496A40A525C3D58500C68D81 /* GoogleService-Info.plist */ = {isa = PBXFileReference; fileEncoding = 4; lastKnownFileType = text.plist.xml; path = "GoogleService-Info.plist"; sourceTree = "<group>"; };
		496B9C2525AB765100430AD3 /* Gatton.app */ = {isa = PBXFileReference; explicitFileType = wrapper.application; includeInIndex = 0; path = Gatton.app; sourceTree = BUILT_PRODUCTS_DIR; };
		496B9C2825AB765100430AD3 /* GattonApp.swift */ = {isa = PBXFileReference; lastKnownFileType = sourcecode.swift; path = GattonApp.swift; sourceTree = "<group>"; };
		496B9C2A25AB765100430AD3 /* ContentView.swift */ = {isa = PBXFileReference; lastKnownFileType = sourcecode.swift; path = ContentView.swift; sourceTree = "<group>"; };
		496B9C2C25AB765200430AD3 /* Assets.xcassets */ = {isa = PBXFileReference; lastKnownFileType = folder.assetcatalog; path = Assets.xcassets; sourceTree = "<group>"; };
		496B9C2F25AB765200430AD3 /* Preview Assets.xcassets */ = {isa = PBXFileReference; lastKnownFileType = folder.assetcatalog; path = "Preview Assets.xcassets"; sourceTree = "<group>"; };
		496B9C3125AB765200430AD3 /* Info.plist */ = {isa = PBXFileReference; lastKnownFileType = text.plist.xml; path = Info.plist; sourceTree = "<group>"; };
		496B9C5825AB9F4E00430AD3 /* Person.swift */ = {isa = PBXFileReference; lastKnownFileType = sourcecode.swift; path = Person.swift; sourceTree = "<group>"; };
		496B9C5E25AB9F9500430AD3 /* Research.swift */ = {isa = PBXFileReference; lastKnownFileType = sourcecode.swift; path = Research.swift; sourceTree = "<group>"; };
		496B9C6625ABA46900430AD3 /* ClassProfessor.swift */ = {isa = PBXFileReference; lastKnownFileType = sourcecode.swift; path = ClassProfessor.swift; sourceTree = "<group>"; };
		497EDB3125E33E1B007CD638 /* ProfileView.swift */ = {isa = PBXFileReference; lastKnownFileType = sourcecode.swift; path = ProfileView.swift; sourceTree = "<group>"; };
		497EECC625D8F937009C7599 /* MyHome.swift */ = {isa = PBXFileReference; lastKnownFileType = sourcecode.swift; path = MyHome.swift; sourceTree = "<group>"; };
		4980E8DE25C8FF2D00ED7390 /* ProfileSummary.swift */ = {isa = PBXFileReference; lastKnownFileType = sourcecode.swift; path = ProfileSummary.swift; sourceTree = "<group>"; };
		4980E8EF25C9063D00ED7390 /* AddPost.swift */ = {isa = PBXFileReference; lastKnownFileType = sourcecode.swift; path = AddPost.swift; sourceTree = "<group>"; };
		4980E8F525C90AFD00ED7390 /* ContentViewA.swift */ = {isa = PBXFileReference; lastKnownFileType = sourcecode.swift; path = ContentViewA.swift; sourceTree = "<group>"; };
		4993645F25DB5ECB003E7832 /* Login.swift */ = {isa = PBXFileReference; lastKnownFileType = sourcecode.swift; path = Login.swift; sourceTree = "<group>"; };
		4993646225DB5FAE003E7832 /* LoginViewModel.swift */ = {isa = PBXFileReference; lastKnownFileType = sourcecode.swift; path = LoginViewModel.swift; sourceTree = "<group>"; };
		49967C3325DBA30D00F9104D /* Register.swift */ = {isa = PBXFileReference; lastKnownFileType = sourcecode.swift; path = Register.swift; sourceTree = "<group>"; };
		49967C3625DBA6F200F9104D /* RegisterViewModel.swift */ = {isa = PBXFileReference; lastKnownFileType = sourcecode.swift; path = RegisterViewModel.swift; sourceTree = "<group>"; };
		49967C3925DBA88A00F9104D /* ImagePicker.swift */ = {isa = PBXFileReference; lastKnownFileType = sourcecode.swift; path = ImagePicker.swift; sourceTree = "<group>"; };
		49967C3C25DBACB300F9104D /* UploadImage.swift */ = {isa = PBXFileReference; lastKnownFileType = sourcecode.swift; path = UploadImage.swift; sourceTree = "<group>"; };
		49967C3F25DBAFEE00F9104D /* Home.swift */ = {isa = PBXFileReference; lastKnownFileType = sourcecode.swift; path = Home.swift; sourceTree = "<group>"; };
		49A37D3325DC896A000A3658 /* PostView.swift */ = {isa = PBXFileReference; lastKnownFileType = sourcecode.swift; path = PostView.swift; sourceTree = "<group>"; };
		49A37D3625DC8979000A3658 /* SettingsView.swift */ = {isa = PBXFileReference; lastKnownFileType = sourcecode.swift; path = SettingsView.swift; sourceTree = "<group>"; };
		49A37D3D25DC94FF000A3658 /* SettingsViewModel.swift */ = {isa = PBXFileReference; lastKnownFileType = sourcecode.swift; path = SettingsViewModel.swift; sourceTree = "<group>"; };
		49A37D4025DC954F000A3658 /* UserModel.swift */ = {isa = PBXFileReference; lastKnownFileType = sourcecode.swift; path = UserModel.swift; sourceTree = "<group>"; };
		49A37D4325DC9ED4000A3658 /* AlertView.swift */ = {isa = PBXFileReference; lastKnownFileType = sourcecode.swift; path = AlertView.swift; sourceTree = "<group>"; };
		49A37D4625DCA1C7000A3658 /* FetchUser.swift */ = {isa = PBXFileReference; lastKnownFileType = sourcecode.swift; path = FetchUser.swift; sourceTree = "<group>"; };
		49A37D4925DCA24B000A3658 /* PostModel.swift */ = {isa = PBXFileReference; lastKnownFileType = sourcecode.swift; path = PostModel.swift; sourceTree = "<group>"; };
		49A37D5025DCA2BB000A3658 /* PostViewModel.swift */ = {isa = PBXFileReference; lastKnownFileType = sourcecode.swift; path = PostViewModel.swift; sourceTree = "<group>"; };
		49A4BDA925E85ED200646E0A /* ProfileEditView.swift */ = {isa = PBXFileReference; lastKnownFileType = sourcecode.swift; path = ProfileEditView.swift; sourceTree = "<group>"; };
		49A4BDAC25E85EEF00646E0A /* ProfileViewModel.swift */ = {isa = PBXFileReference; lastKnownFileType = sourcecode.swift; path = ProfileViewModel.swift; sourceTree = "<group>"; };
		49A4BE0425E94F0C00646E0A /* NewPostHome.swift */ = {isa = PBXFileReference; lastKnownFileType = sourcecode.swift; name = NewPostHome.swift; path = ../../../../Documents/NewPostHome.swift; sourceTree = "<group>"; };
		49A4BE1025E9536E00646E0A /* SearchTarget.swift */ = {isa = PBXFileReference; lastKnownFileType = sourcecode.swift; name = SearchTarget.swift; path = ../../../../Documents/SearchTarget.swift; sourceTree = "<group>"; };
		49A4BE1725E97E9E00646E0A /* TargetPostView.swift */ = {isa = PBXFileReference; lastKnownFileType = sourcecode.swift; name = TargetPostView.swift; path = ../../../../Documents/TargetPostView.swift; sourceTree = "<group>"; };
		49A678FA25C61A6D005CFFF4 /* Database.swift */ = {isa = PBXFileReference; lastKnownFileType = sourcecode.swift; path = Database.swift; sourceTree = "<group>"; };
		49A678FD25C61B1D005CFFF4 /* DatabaseUnit.swift */ = {isa = PBXFileReference; lastKnownFileType = sourcecode.swift; path = DatabaseUnit.swift; sourceTree = "<group>"; };
		49A6790025C625E2005CFFF4 /* Raleway.ttf */ = {isa = PBXFileReference; lastKnownFileType = file; path = Raleway.ttf; sourceTree = "<group>"; };
		49A6790325C62795005CFFF4 /* Avenir.ttc */ = {isa = PBXFileReference; lastKnownFileType = file; path = Avenir.ttc; sourceTree = "<group>"; };
		49A6790525C6288B005CFFF4 /* ArchitectsDaughter-Regular.ttf */ = {isa = PBXFileReference; lastKnownFileType = file; path = "ArchitectsDaughter-Regular.ttf"; sourceTree = "<group>"; };
		49A6790725C62A28005CFFF4 /* TW.ttf */ = {isa = PBXFileReference; lastKnownFileType = file; path = TW.ttf; sourceTree = "<group>"; };
		49A6790825C62A5A005CFFF4 /* SF-Compact-Display-Ultralight.otf */ = {isa = PBXFileReference; lastKnownFileType = file; path = "SF-Compact-Display-Ultralight.otf"; sourceTree = "<group>"; };
		49A6790925C62A6B005CFFF4 /* SF-Compact-Rounded-Ultralight.otf */ = {isa = PBXFileReference; lastKnownFileType = file; path = "SF-Compact-Rounded-Ultralight.otf"; sourceTree = "<group>"; };
		49A6791125C632BB005CFFF4 /* ヒラギノ角ゴシック W5.ttc */ = {isa = PBXFileReference; lastKnownFileType = file; path = "ヒラギノ角ゴシック W5.ttc"; sourceTree = "<group>"; };
		49A6791225C632BC005CFFF4 /* ヒラギノ角ゴシック W0.ttc */ = {isa = PBXFileReference; lastKnownFileType = file; path = "ヒラギノ角ゴシック W0.ttc"; sourceTree = "<group>"; };
		49A6791625C633FE005CFFF4 /* Noteworthy.ttc */ = {isa = PBXFileReference; lastKnownFileType = file; path = Noteworthy.ttc; sourceTree = "<group>"; };
		49A6791925C63678005CFFF4 /* Avenir Next Condensed.ttc */ = {isa = PBXFileReference; lastKnownFileType = file; path = "Avenir Next Condensed.ttc"; sourceTree = "<group>"; };
		49B0831A25B6953000EB653E /* comments.swift */ = {isa = PBXFileReference; lastKnownFileType = sourcecode.swift; path = comments.swift; sourceTree = "<group>"; };
		49DAB9DF25B12C5F0052DBF1 /* Post.swift */ = {isa = PBXFileReference; lastKnownFileType = sourcecode.swift; path = Post.swift; sourceTree = "<group>"; };
		49EFA06E25AE836F000E1DAF /* Search.swift */ = {isa = PBXFileReference; lastKnownFileType = sourcecode.swift; path = Search.swift; sourceTree = "<group>"; };
		49EFA07225AE8382000E1DAF /* Feed.swift */ = {isa = PBXFileReference; lastKnownFileType = sourcecode.swift; path = Feed.swift; sourceTree = "<group>"; };
		49EFA07C25AE97E0000E1DAF /* LikedButton.swift */ = {isa = PBXFileReference; lastKnownFileType = sourcecode.swift; path = LikedButton.swift; sourceTree = "<group>"; };
		49EFA08B25AEB603000E1DAF /* ModelData.swift */ = {isa = PBXFileReference; lastKnownFileType = sourcecode.swift; path = ModelData.swift; sourceTree = "<group>"; };
		49F41A3E25E6C0BE007FDFC6 /* DatabaseViewModel.swift */ = {isa = PBXFileReference; lastKnownFileType = sourcecode.swift; path = DatabaseViewModel.swift; sourceTree = "<group>"; };
		A8B3D179D50584E2C050A0F5 /* Pods-Gatton.release.xcconfig */ = {isa = PBXFileReference; includeInIndex = 1; lastKnownFileType = text.xcconfig; name = "Pods-Gatton.release.xcconfig"; path = "Target Support Files/Pods-Gatton/Pods-Gatton.release.xcconfig"; sourceTree = "<group>"; };
		F0553858C93D02137C6B1AC1 /* Pods-Gatton.debug.xcconfig */ = {isa = PBXFileReference; includeInIndex = 1; lastKnownFileType = text.xcconfig; name = "Pods-Gatton.debug.xcconfig"; path = "Target Support Files/Pods-Gatton/Pods-Gatton.debug.xcconfig"; sourceTree = "<group>"; };
		F578980EFACDA81C10FBB95A /* Pods_Gatton.framework */ = {isa = PBXFileReference; explicitFileType = wrapper.framework; includeInIndex = 0; path = Pods_Gatton.framework; sourceTree = BUILT_PRODUCTS_DIR; };
/* End PBXFileReference section */

/* Begin PBXFrameworksBuildPhase section */
		496B9C2225AB765100430AD3 /* Frameworks */ = {
			isa = PBXFrameworksBuildPhase;
			buildActionMask = 2147483647;
			files = (
				49A37D2A25DC53A9000A3658 /* SDWebImageSwiftUI in Frameworks */,
				D6672E5243290DFBB45252A3 /* Pods_Gatton.framework in Frameworks */,
			);
			runOnlyForDeploymentPostprocessing = 0;
		};
/* End PBXFrameworksBuildPhase section */

/* Begin PBXGroup section */
		492282A825D4F11B002892AC /* View Models */ = {
			isa = PBXGroup;
			children = (
				49967C3625DBA6F200F9104D /* RegisterViewModel.swift */,
				4993646225DB5FAE003E7832 /* LoginViewModel.swift */,
				49A4BDAC25E85EEF00646E0A /* ProfileViewModel.swift */,
				49A37D5025DCA2BB000A3658 /* PostViewModel.swift */,
				493F204C25DCEAA2002B2F27 /* NewPostModel.swift */,
				49F41A3E25E6C0BE007FDFC6 /* DatabaseViewModel.swift */,
			);
			path = "View Models";
			sourceTree = "<group>";
		};
		493D4C2B25D5D7FE00C518E8 /* Profile */ = {
			isa = PBXGroup;
			children = (
				493D4C2825D5D7F400C518E8 /* ProfileHost.swift */,
				4980E8DE25C8FF2D00ED7390 /* ProfileSummary.swift */,
				493D4C2525D5D38900C518E8 /* ProfileEdit.swift */,
			);
			path = Profile;
			sourceTree = "<group>";
		};
		496B9C1C25AB765000430AD3 = {
			isa = PBXGroup;
			children = (
				496B9C2725AB765100430AD3 /* Gatton */,
				496B9C2625AB765100430AD3 /* Products */,
				653CEE6F99718E80FBD8FBE2 /* Pods */,
				76E567BCCD949B1EE66DA37F /* Frameworks */,
			);
			sourceTree = "<group>";
		};
		496B9C2625AB765100430AD3 /* Products */ = {
			isa = PBXGroup;
			children = (
				496B9C2525AB765100430AD3 /* Gatton.app */,
			);
			name = Products;
			sourceTree = "<group>";
		};
		496B9C2725AB765100430AD3 /* Gatton */ = {
			isa = PBXGroup;
			children = (
				496B9C2E25AB765200430AD3 /* Preview Content */,
				493D4C2B25D5D7FE00C518E8 /* Profile */,
				496B9C2825AB765100430AD3 /* GattonApp.swift */,
				496B9C2A25AB765100430AD3 /* ContentView.swift */,
				49967C3F25DBAFEE00F9104D /* Home.swift */,
				492282A825D4F11B002892AC /* View Models */,
				49A37D3125DC893A000A3658 /* View */,
				49A37D2E25DC892B000A3658 /* Model */,
				49A5A78925E4CD39009ACAD5 /* helpers */,
				494ACB8225F201940031123C /* Main.swift */,
				494ACB8525F201AA0031123C /* ScrollableTabBar.swift */,
				494ACB8825F201B40031123C /* TabBar.swift */,
				496B9C2C25AB765200430AD3 /* Assets.xcassets */,
				496A40A525C3D58500C68D81 /* GoogleService-Info.plist */,
				496B9C3125AB765200430AD3 /* Info.plist */,
				496A406725C397F000C68D81 /* User.swift */,
				49A4BDBD25E8670B00646E0A /* mine */,
			);
			path = Gatton;
			sourceTree = "<group>";
		};
		496B9C2E25AB765200430AD3 /* Preview Content */ = {
			isa = PBXGroup;
			children = (
				496B9C2F25AB765200430AD3 /* Preview Assets.xcassets */,
			);
			path = "Preview Content";
			sourceTree = "<group>";
		};
		496B9C6425AB9FBC00430AD3 /* Models */ = {
			isa = PBXGroup;
			children = (
				49EFA08B25AEB603000E1DAF /* ModelData.swift */,
				49DAB9DF25B12C5F0052DBF1 /* Post.swift */,
				496B9C5825AB9F4E00430AD3 /* Person.swift */,
				496B9C5E25AB9F9500430AD3 /* Research.swift */,
				496B9C6625ABA46900430AD3 /* ClassProfessor.swift */,
			);
			path = Models;
			sourceTree = "<group>";
		};
		497EECBE25D8E96A009C7599 /* Posts */ = {
			isa = PBXGroup;
			children = (
				492548B525AC1ACE00A82CD0 /* MyPostView.swift */,
				49EFA07225AE8382000E1DAF /* Feed.swift */,
			);
			path = Posts;
			sourceTree = "<group>";
		};
		497EECBF25D8E97C009C7599 /* Database */ = {
			isa = PBXGroup;
			children = (
				49A678FD25C61B1D005CFFF4 /* DatabaseUnit.swift */,
				49A678FA25C61A6D005CFFF4 /* Database.swift */,
			);
			path = Database;
			sourceTree = "<group>";
		};
		497EECC225D8F6E5009C7599 /* Add Post */ = {
			isa = PBXGroup;
			children = (
				4980E8EF25C9063D00ED7390 /* AddPost.swift */,
			);
			path = "Add Post";
			sourceTree = "<group>";
		};
		4980E90025C921BC00ED7390 /* z */ = {
			isa = PBXGroup;
			children = (
				4944001025AF707F006A36EA /* commetnts.swift */,
				49B0831A25B6953000EB653E /* comments.swift */,
				4980E8F525C90AFD00ED7390 /* ContentViewA.swift */,
			);
			path = z;
			sourceTree = "<group>";
		};
		4993646525DB61A1003E7832 /* Search */ = {
			isa = PBXGroup;
			children = (
				49EFA06E25AE836F000E1DAF /* Search.swift */,
			);
			path = Search;
			sourceTree = "<group>";
		};
		49A37D2D25DC88DA000A3658 /* My home */ = {
			isa = PBXGroup;
			children = (
				497EECC625D8F937009C7599 /* MyHome.swift */,
				492548B225AC082900A82CD0 /* Topbanner.swift */,
			);
			path = "My home";
			sourceTree = "<group>";
		};
		49A37D2E25DC892B000A3658 /* Model */ = {
			isa = PBXGroup;
			children = (
				49967C3C25DBACB300F9104D /* UploadImage.swift */,
				49A37D4025DC954F000A3658 /* UserModel.swift */,
				49A37D4325DC9ED4000A3658 /* AlertView.swift */,
				49A37D4925DCA24B000A3658 /* PostModel.swift */,
				49A37D4625DCA1C7000A3658 /* FetchUser.swift */,
			);
			path = Model;
			sourceTree = "<group>";
		};
		49A37D3125DC893A000A3658 /* View */ = {
			isa = PBXGroup;
			children = (
				49967C3325DBA30D00F9104D /* Register.swift */,
				4993645F25DB5ECB003E7832 /* Login.swift */,
				497EDB3125E33E1B007CD638 /* ProfileView.swift */,
				49A4BDA925E85ED200646E0A /* ProfileEditView.swift */,
				49A4BE1025E9536E00646E0A /* SearchTarget.swift */,
				49A4BE1725E97E9E00646E0A /* TargetPostView.swift */,
				494ACB7F25F200440031123C /* CreativePosts.swift */,
				49A37D3325DC896A000A3658 /* PostView.swift */,
				493F204525DCEA71002B2F27 /* NewPostTab.swift */,
				49A4BE0425E94F0C00646E0A /* NewPostHome.swift */,
				497EECBF25D8E97C009C7599 /* Database */,
			);
			path = View;
			sourceTree = "<group>";
		};
		49A4BDBD25E8670B00646E0A /* mine */ = {
			isa = PBXGroup;
			children = (
				492548AC25AC03EF00A82CD0 /* Final.swift */,
				49A37D2D25DC88DA000A3658 /* My home */,
				496B9C6425AB9FBC00430AD3 /* Models */,
				49DAB9E925B1375A0052DBF1 /* Views */,
				49DAB9E225B12C9A0052DBF1 /* Helpers */,
			);
			path = mine;
			sourceTree = "<group>";
		};
		49A5A78925E4CD39009ACAD5 /* helpers */ = {
			isa = PBXGroup;
			children = (
				493F204825DCEA7E002B2F27 /* PostRow.swift */,
				49967C3925DBA88A00F9104D /* ImagePicker.swift */,
				49A37D3D25DC94FF000A3658 /* SettingsViewModel.swift */,
				49A37D3625DC8979000A3658 /* SettingsView.swift */,
			);
			path = helpers;
			sourceTree = "<group>";
		};
		49A6790A25C62A78005CFFF4 /* Fonts */ = {
			isa = PBXGroup;
			children = (
				49A6791625C633FE005CFFF4 /* Noteworthy.ttc */,
				49A6791225C632BC005CFFF4 /* ヒラギノ角ゴシック W0.ttc */,
				49A6791125C632BB005CFFF4 /* ヒラギノ角ゴシック W5.ttc */,
				49A6791925C63678005CFFF4 /* Avenir Next Condensed.ttc */,
				49A6790325C62795005CFFF4 /* Avenir.ttc */,
				49A6790E25C6319D005CFFF4 /* eh */,
			);
			path = Fonts;
			sourceTree = "<group>";
		};
		49A6790E25C6319D005CFFF4 /* eh */ = {
			isa = PBXGroup;
			children = (
				49A6790525C6288B005CFFF4 /* ArchitectsDaughter-Regular.ttf */,
				49A6790025C625E2005CFFF4 /* Raleway.ttf */,
				49A6790925C62A6B005CFFF4 /* SF-Compact-Rounded-Ultralight.otf */,
				49A6790825C62A5A005CFFF4 /* SF-Compact-Display-Ultralight.otf */,
				49A6790725C62A28005CFFF4 /* TW.ttf */,
			);
			path = eh;
			sourceTree = "<group>";
		};
		49DAB9E225B12C9A0052DBF1 /* Helpers */ = {
			isa = PBXGroup;
			children = (
				49A6790A25C62A78005CFFF4 /* Fonts */,
				49EFA07C25AE97E0000E1DAF /* LikedButton.swift */,
				496A409E25C3BF7800C68D81 /* AuthenticationService.swift */,
				496A406325C397A200C68D81 /* SessionStore.swift */,
				4980E90025C921BC00ED7390 /* z */,
			);
			path = Helpers;
			sourceTree = "<group>";
		};
		49DAB9E925B1375A0052DBF1 /* Views */ = {
			isa = PBXGroup;
			children = (
				497EECBE25D8E96A009C7599 /* Posts */,
				497EECC225D8F6E5009C7599 /* Add Post */,
				4993646525DB61A1003E7832 /* Search */,
			);
			path = Views;
			sourceTree = "<group>";
		};
		653CEE6F99718E80FBD8FBE2 /* Pods */ = {
			isa = PBXGroup;
			children = (
				F0553858C93D02137C6B1AC1 /* Pods-Gatton.debug.xcconfig */,
				A8B3D179D50584E2C050A0F5 /* Pods-Gatton.release.xcconfig */,
			);
			path = Pods;
			sourceTree = "<group>";
		};
		76E567BCCD949B1EE66DA37F /* Frameworks */ = {
			isa = PBXGroup;
			children = (
				F578980EFACDA81C10FBB95A /* Pods_Gatton.framework */,
			);
			name = Frameworks;
			sourceTree = "<group>";
		};
/* End PBXGroup section */

/* Begin PBXNativeTarget section */
		496B9C2425AB765100430AD3 /* Gatton */ = {
			isa = PBXNativeTarget;
			buildConfigurationList = 496B9C3425AB765200430AD3 /* Build configuration list for PBXNativeTarget "Gatton" */;
			buildPhases = (
				A7904CD5E3BADD6948D88B30 /* [CP] Check Pods Manifest.lock */,
				496B9C2125AB765100430AD3 /* Sources */,
				496B9C2225AB765100430AD3 /* Frameworks */,
				496B9C2325AB765100430AD3 /* Resources */,
				905BC94CF6F25C36C8FA3AB8 /* [CP] Embed Pods Frameworks */,
			);
			buildRules = (
			);
			dependencies = (
			);
			name = Gatton;
			packageProductDependencies = (
				49A37D2925DC53A9000A3658 /* SDWebImageSwiftUI */,
			);
			productName = Gatton;
			productReference = 496B9C2525AB765100430AD3 /* Gatton.app */;
			productType = "com.apple.product-type.application";
		};
/* End PBXNativeTarget section */

/* Begin PBXProject section */
		496B9C1D25AB765000430AD3 /* Project object */ = {
			isa = PBXProject;
			attributes = {
				LastSwiftUpdateCheck = 1230;
				LastUpgradeCheck = 1230;
				TargetAttributes = {
					496B9C2425AB765100430AD3 = {
						CreatedOnToolsVersion = 12.3;
					};
				};
			};
			buildConfigurationList = 496B9C2025AB765000430AD3 /* Build configuration list for PBXProject "Gatton" */;
			compatibilityVersion = "Xcode 12.0";
			developmentRegion = en;
			hasScannedForEncodings = 0;
			knownRegions = (
				en,
				Base,
			);
			mainGroup = 496B9C1C25AB765000430AD3;
			packageReferences = (
				49A37D2825DC53A9000A3658 /* XCRemoteSwiftPackageReference "SDWebImageSwiftUI" */,
			);
			productRefGroup = 496B9C2625AB765100430AD3 /* Products */;
			projectDirPath = "";
			projectRoot = "";
			targets = (
				496B9C2425AB765100430AD3 /* Gatton */,
			);
		};
/* End PBXProject section */

/* Begin PBXResourcesBuildPhase section */
		496B9C2325AB765100430AD3 /* Resources */ = {
			isa = PBXResourcesBuildPhase;
			buildActionMask = 2147483647;
			files = (
				496B9C3025AB765200430AD3 /* Preview Assets.xcassets in Resources */,
				496B9C2D25AB765200430AD3 /* Assets.xcassets in Resources */,
				496A40A625C3D58500C68D81 /* GoogleService-Info.plist in Resources */,
			);
			runOnlyForDeploymentPostprocessing = 0;
		};
/* End PBXResourcesBuildPhase section */

/* Begin PBXShellScriptBuildPhase section */
		905BC94CF6F25C36C8FA3AB8 /* [CP] Embed Pods Frameworks */ = {
			isa = PBXShellScriptBuildPhase;
			buildActionMask = 2147483647;
			files = (
			);
			inputFileListPaths = (
				"${PODS_ROOT}/Target Support Files/Pods-Gatton/Pods-Gatton-frameworks-${CONFIGURATION}-input-files.xcfilelist",
			);
			name = "[CP] Embed Pods Frameworks";
			outputFileListPaths = (
				"${PODS_ROOT}/Target Support Files/Pods-Gatton/Pods-Gatton-frameworks-${CONFIGURATION}-output-files.xcfilelist",
			);
			runOnlyForDeploymentPostprocessing = 0;
			shellPath = /bin/sh;
			shellScript = "\"${PODS_ROOT}/Target Support Files/Pods-Gatton/Pods-Gatton-frameworks.sh\"\n";
			showEnvVarsInLog = 0;
		};
		A7904CD5E3BADD6948D88B30 /* [CP] Check Pods Manifest.lock */ = {
			isa = PBXShellScriptBuildPhase;
			buildActionMask = 2147483647;
			files = (
			);
			inputFileListPaths = (
			);
			inputPaths = (
				"${PODS_PODFILE_DIR_PATH}/Podfile.lock",
				"${PODS_ROOT}/Manifest.lock",
			);
			name = "[CP] Check Pods Manifest.lock";
			outputFileListPaths = (
			);
			outputPaths = (
				"$(DERIVED_FILE_DIR)/Pods-Gatton-checkManifestLockResult.txt",
			);
			runOnlyForDeploymentPostprocessing = 0;
			shellPath = /bin/sh;
			shellScript = "diff \"${PODS_PODFILE_DIR_PATH}/Podfile.lock\" \"${PODS_ROOT}/Manifest.lock\" > /dev/null\nif [ $? != 0 ] ; then\n    # print error to STDERR\n    echo \"error: The sandbox is not in sync with the Podfile.lock. Run 'pod install' or update your CocoaPods installation.\" >&2\n    exit 1\nfi\n# This output is used by Xcode 'outputs' to avoid re-running this script phase.\necho \"SUCCESS\" > \"${SCRIPT_OUTPUT_FILE_0}\"\n";
			showEnvVarsInLog = 0;
		};
/* End PBXShellScriptBuildPhase section */

/* Begin PBXSourcesBuildPhase section */
		496B9C2125AB765100430AD3 /* Sources */ = {
			isa = PBXSourcesBuildPhase;
			buildActionMask = 2147483647;
			files = (
				494ACB8625F201AA0031123C /* ScrollableTabBar.swift in Sources */,
				49EFA08C25AEB603000E1DAF /* ModelData.swift in Sources */,
				49DAB9E025B12C5F0052DBF1 /* Post.swift in Sources */,
				49A37D5125DCA2BB000A3658 /* PostViewModel.swift in Sources */,
				4980E8F625C90AFD00ED7390 /* ContentViewA.swift in Sources */,
				497EDB3225E33E1B007CD638 /* ProfileView.swift in Sources */,
				49A4BDAD25E85EEF00646E0A /* ProfileViewModel.swift in Sources */,
				4993646025DB5ECB003E7832 /* Login.swift in Sources */,
				49EFA06F25AE836F000E1DAF /* Search.swift in Sources */,
				49A37D4425DC9ED4000A3658 /* AlertView.swift in Sources */,
				493F204925DCEA7E002B2F27 /* PostRow.swift in Sources */,
				49A4BE0525E94F0C00646E0A /* NewPostHome.swift in Sources */,
				49A37D3E25DC94FF000A3658 /* SettingsViewModel.swift in Sources */,
				493F204625DCEA71002B2F27 /* NewPostTab.swift in Sources */,
				49A4BE1125E9536E00646E0A /* SearchTarget.swift in Sources */,
				493F204D25DCEAA2002B2F27 /* NewPostModel.swift in Sources */,
				49EFA07325AE8382000E1DAF /* Feed.swift in Sources */,
				49967C4025DBAFEF00F9104D /* Home.swift in Sources */,
				496B9C2B25AB765100430AD3 /* ContentView.swift in Sources */,
				494ACB8925F201B40031123C /* TabBar.swift in Sources */,
				497EECC725D8F937009C7599 /* MyHome.swift in Sources */,
				4993646325DB5FAE003E7832 /* LoginViewModel.swift in Sources */,
				496A406425C397A200C68D81 /* SessionStore.swift in Sources */,
				496B9C5925AB9F4E00430AD3 /* Person.swift in Sources */,
				496B9C6725ABA46900430AD3 /* ClassProfessor.swift in Sources */,
				49EFA07D25AE97E0000E1DAF /* LikedButton.swift in Sources */,
				494ACB8325F201940031123C /* Main.swift in Sources */,
				49967C3A25DBA88A00F9104D /* ImagePicker.swift in Sources */,
				49A4BDAA25E85ED200646E0A /* ProfileEditView.swift in Sources */,
				493D4C2925D5D7F400C518E8 /* ProfileHost.swift in Sources */,
				492548B625AC1ACE00A82CD0 /* MyPostView.swift in Sources */,
				49967C3D25DBACB300F9104D /* UploadImage.swift in Sources */,
				49A678FE25C61B1D005CFFF4 /* DatabaseUnit.swift in Sources */,
				492548B325AC082900A82CD0 /* Topbanner.swift in Sources */,
				49A37D3725DC8979000A3658 /* SettingsView.swift in Sources */,
				49967C3725DBA6F200F9104D /* RegisterViewModel.swift in Sources */,
				493D4C2625D5D38900C518E8 /* ProfileEdit.swift in Sources */,
				494ACB8025F200440031123C /* CreativePosts.swift in Sources */,
				496B9C5F25AB9F9500430AD3 /* Research.swift in Sources */,
				49A4BE1825E97E9E00646E0A /* TargetPostView.swift in Sources */,
				4944001125AF707F006A36EA /* commetnts.swift in Sources */,
				496B9C2925AB765100430AD3 /* GattonApp.swift in Sources */,
				496A409F25C3BF7800C68D81 /* AuthenticationService.swift in Sources */,
				492548AD25AC03EF00A82CD0 /* Final.swift in Sources */,
				49A37D4A25DCA24B000A3658 /* PostModel.swift in Sources */,
				49A37D4125DC954F000A3658 /* UserModel.swift in Sources */,
				49F41A3F25E6C0BE007FDFC6 /* DatabaseViewModel.swift in Sources */,
				49A37D3425DC896A000A3658 /* PostView.swift in Sources */,
				49967C3425DBA30D00F9104D /* Register.swift in Sources */,
				4980E8F025C9063D00ED7390 /* AddPost.swift in Sources */,
				49B0831B25B6953000EB653E /* comments.swift in Sources */,
				4980E8DF25C8FF2D00ED7390 /* ProfileSummary.swift in Sources */,
				49A678FB25C61A6D005CFFF4 /* Database.swift in Sources */,
				49A37D4725DCA1C7000A3658 /* FetchUser.swift in Sources */,
				496A406825C397F000C68D81 /* User.swift in Sources */,
			);
			runOnlyForDeploymentPostprocessing = 0;
		};
/* End PBXSourcesBuildPhase section */

/* Begin XCBuildConfiguration section */
		496B9C3225AB765200430AD3 /* Debug */ = {
			isa = XCBuildConfiguration;
			buildSettings = {
				ALWAYS_SEARCH_USER_PATHS = NO;
				CLANG_ANALYZER_NONNULL = YES;
				CLANG_ANALYZER_NUMBER_OBJECT_CONVERSION = YES_AGGRESSIVE;
				CLANG_CXX_LANGUAGE_STANDARD = "gnu++14";
				CLANG_CXX_LIBRARY = "libc++";
				CLANG_ENABLE_MODULES = YES;
				CLANG_ENABLE_OBJC_ARC = YES;
				CLANG_ENABLE_OBJC_WEAK = YES;
				CLANG_WARN_BLOCK_CAPTURE_AUTORELEASING = YES;
				CLANG_WARN_BOOL_CONVERSION = YES;
				CLANG_WARN_COMMA = YES;
				CLANG_WARN_CONSTANT_CONVERSION = YES;
				CLANG_WARN_DEPRECATED_OBJC_IMPLEMENTATIONS = YES;
				CLANG_WARN_DIRECT_OBJC_ISA_USAGE = YES_ERROR;
				CLANG_WARN_DOCUMENTATION_COMMENTS = YES;
				CLANG_WARN_EMPTY_BODY = YES;
				CLANG_WARN_ENUM_CONVERSION = YES;
				CLANG_WARN_INFINITE_RECURSION = YES;
				CLANG_WARN_INT_CONVERSION = YES;
				CLANG_WARN_NON_LITERAL_NULL_CONVERSION = YES;
				CLANG_WARN_OBJC_IMPLICIT_RETAIN_SELF = YES;
				CLANG_WARN_OBJC_LITERAL_CONVERSION = YES;
				CLANG_WARN_OBJC_ROOT_CLASS = YES_ERROR;
				CLANG_WARN_QUOTED_INCLUDE_IN_FRAMEWORK_HEADER = YES;
				CLANG_WARN_RANGE_LOOP_ANALYSIS = YES;
				CLANG_WARN_STRICT_PROTOTYPES = YES;
				CLANG_WARN_SUSPICIOUS_MOVE = YES;
				CLANG_WARN_UNGUARDED_AVAILABILITY = YES_AGGRESSIVE;
				CLANG_WARN_UNREACHABLE_CODE = YES;
				CLANG_WARN__DUPLICATE_METHOD_MATCH = YES;
				COPY_PHASE_STRIP = NO;
				DEBUG_INFORMATION_FORMAT = dwarf;
				ENABLE_STRICT_OBJC_MSGSEND = YES;
				ENABLE_TESTABILITY = YES;
				GCC_C_LANGUAGE_STANDARD = gnu11;
				GCC_DYNAMIC_NO_PIC = NO;
				GCC_NO_COMMON_BLOCKS = YES;
				GCC_OPTIMIZATION_LEVEL = 0;
				GCC_PREPROCESSOR_DEFINITIONS = (
					"DEBUG=1",
					"$(inherited)",
				);
				GCC_WARN_64_TO_32_BIT_CONVERSION = YES;
				GCC_WARN_ABOUT_RETURN_TYPE = YES_ERROR;
				GCC_WARN_UNDECLARED_SELECTOR = YES;
				GCC_WARN_UNINITIALIZED_AUTOS = YES_AGGRESSIVE;
				GCC_WARN_UNUSED_FUNCTION = YES;
				GCC_WARN_UNUSED_VARIABLE = YES;
				IPHONEOS_DEPLOYMENT_TARGET = 14.3;
				MTL_ENABLE_DEBUG_INFO = INCLUDE_SOURCE;
				MTL_FAST_MATH = YES;
				ONLY_ACTIVE_ARCH = YES;
				SDKROOT = iphoneos;
				SWIFT_ACTIVE_COMPILATION_CONDITIONS = DEBUG;
				SWIFT_OPTIMIZATION_LEVEL = "-Onone";
			};
			name = Debug;
		};
		496B9C3325AB765200430AD3 /* Release */ = {
			isa = XCBuildConfiguration;
			buildSettings = {
				ALWAYS_SEARCH_USER_PATHS = NO;
				CLANG_ANALYZER_NONNULL = YES;
				CLANG_ANALYZER_NUMBER_OBJECT_CONVERSION = YES_AGGRESSIVE;
				CLANG_CXX_LANGUAGE_STANDARD = "gnu++14";
				CLANG_CXX_LIBRARY = "libc++";
				CLANG_ENABLE_MODULES = YES;
				CLANG_ENABLE_OBJC_ARC = YES;
				CLANG_ENABLE_OBJC_WEAK = YES;
				CLANG_WARN_BLOCK_CAPTURE_AUTORELEASING = YES;
				CLANG_WARN_BOOL_CONVERSION = YES;
				CLANG_WARN_COMMA = YES;
				CLANG_WARN_CONSTANT_CONVERSION = YES;
				CLANG_WARN_DEPRECATED_OBJC_IMPLEMENTATIONS = YES;
				CLANG_WARN_DIRECT_OBJC_ISA_USAGE = YES_ERROR;
				CLANG_WARN_DOCUMENTATION_COMMENTS = YES;
				CLANG_WARN_EMPTY_BODY = YES;
				CLANG_WARN_ENUM_CONVERSION = YES;
				CLANG_WARN_INFINITE_RECURSION = YES;
				CLANG_WARN_INT_CONVERSION = YES;
				CLANG_WARN_NON_LITERAL_NULL_CONVERSION = YES;
				CLANG_WARN_OBJC_IMPLICIT_RETAIN_SELF = YES;
				CLANG_WARN_OBJC_LITERAL_CONVERSION = YES;
				CLANG_WARN_OBJC_ROOT_CLASS = YES_ERROR;
				CLANG_WARN_QUOTED_INCLUDE_IN_FRAMEWORK_HEADER = YES;
				CLANG_WARN_RANGE_LOOP_ANALYSIS = YES;
				CLANG_WARN_STRICT_PROTOTYPES = YES;
				CLANG_WARN_SUSPICIOUS_MOVE = YES;
				CLANG_WARN_UNGUARDED_AVAILABILITY = YES_AGGRESSIVE;
				CLANG_WARN_UNREACHABLE_CODE = YES;
				CLANG_WARN__DUPLICATE_METHOD_MATCH = YES;
				COPY_PHASE_STRIP = NO;
				DEBUG_INFORMATION_FORMAT = "dwarf-with-dsym";
				ENABLE_NS_ASSERTIONS = NO;
				ENABLE_STRICT_OBJC_MSGSEND = YES;
				GCC_C_LANGUAGE_STANDARD = gnu11;
				GCC_NO_COMMON_BLOCKS = YES;
				GCC_WARN_64_TO_32_BIT_CONVERSION = YES;
				GCC_WARN_ABOUT_RETURN_TYPE = YES_ERROR;
				GCC_WARN_UNDECLARED_SELECTOR = YES;
				GCC_WARN_UNINITIALIZED_AUTOS = YES_AGGRESSIVE;
				GCC_WARN_UNUSED_FUNCTION = YES;
				GCC_WARN_UNUSED_VARIABLE = YES;
				IPHONEOS_DEPLOYMENT_TARGET = 14.3;
				MTL_ENABLE_DEBUG_INFO = NO;
				MTL_FAST_MATH = YES;
				SDKROOT = iphoneos;
				SWIFT_COMPILATION_MODE = wholemodule;
				SWIFT_OPTIMIZATION_LEVEL = "-O";
				VALIDATE_PRODUCT = YES;
			};
			name = Release;
		};
		496B9C3525AB765200430AD3 /* Debug */ = {
			isa = XCBuildConfiguration;
			baseConfigurationReference = F0553858C93D02137C6B1AC1 /* Pods-Gatton.debug.xcconfig */;
			buildSettings = {
				ASSETCATALOG_COMPILER_APPICON_NAME = AppIcon;
				ASSETCATALOG_COMPILER_GLOBAL_ACCENT_COLOR_NAME = AccentColor;
				CODE_SIGN_STYLE = Automatic;
				DEVELOPMENT_ASSET_PATHS = "\"Gatton/Preview Content\"";
				DEVELOPMENT_TEAM = RKCU7S6SV3;
				ENABLE_PREVIEWS = YES;
				INFOPLIST_FILE = Gatton/Info.plist;
				IPHONEOS_DEPLOYMENT_TARGET = 14.4;
				LD_RUNPATH_SEARCH_PATHS = (
					"$(inherited)",
					"@executable_path/Frameworks",
				);
				PRODUCT_BUNDLE_IDENTIFIER = "Andrew-Park.Gatton";
				PRODUCT_NAME = "$(TARGET_NAME)";
				SWIFT_VERSION = 5.0;
				TARGETED_DEVICE_FAMILY = "1,2";
			};
			name = Debug;
		};
		496B9C3625AB765200430AD3 /* Release */ = {
			isa = XCBuildConfiguration;
			baseConfigurationReference = A8B3D179D50584E2C050A0F5 /* Pods-Gatton.release.xcconfig */;
			buildSettings = {
				ASSETCATALOG_COMPILER_APPICON_NAME = AppIcon;
				ASSETCATALOG_COMPILER_GLOBAL_ACCENT_COLOR_NAME = AccentColor;
				CODE_SIGN_STYLE = Automatic;
				DEVELOPMENT_ASSET_PATHS = "\"Gatton/Preview Content\"";
				DEVELOPMENT_TEAM = RKCU7S6SV3;
				ENABLE_PREVIEWS = YES;
				INFOPLIST_FILE = Gatton/Info.plist;
				IPHONEOS_DEPLOYMENT_TARGET = 14.4;
				LD_RUNPATH_SEARCH_PATHS = (
					"$(inherited)",
					"@executable_path/Frameworks",
				);
				PRODUCT_BUNDLE_IDENTIFIER = "Andrew-Park.Gatton";
				PRODUCT_NAME = "$(TARGET_NAME)";
				SWIFT_VERSION = 5.0;
				TARGETED_DEVICE_FAMILY = "1,2";
			};
			name = Release;
		};
/* End XCBuildConfiguration section */

/* Begin XCConfigurationList section */
		496B9C2025AB765000430AD3 /* Build configuration list for PBXProject "Gatton" */ = {
			isa = XCConfigurationList;
			buildConfigurations = (
				496B9C3225AB765200430AD3 /* Debug */,
				496B9C3325AB765200430AD3 /* Release */,
			);
			defaultConfigurationIsVisible = 0;
			defaultConfigurationName = Release;
		};
		496B9C3425AB765200430AD3 /* Build configuration list for PBXNativeTarget "Gatton" */ = {
			isa = XCConfigurationList;
			buildConfigurations = (
				496B9C3525AB765200430AD3 /* Debug */,
				496B9C3625AB765200430AD3 /* Release */,
			);
			defaultConfigurationIsVisible = 0;
			defaultConfigurationName = Release;
		};
/* End XCConfigurationList section */

/* Begin XCRemoteSwiftPackageReference section */
		49A37D2825DC53A9000A3658 /* XCRemoteSwiftPackageReference "SDWebImageSwiftUI" */ = {
			isa = XCRemoteSwiftPackageReference;
			repositoryURL = "https://github.com/SDWebImage/SDWebImageSwiftUI.git";
			requirement = {
				kind = upToNextMajorVersion;
				minimumVersion = 1.5.0;
			};
		};
/* End XCRemoteSwiftPackageReference section */

/* Begin XCSwiftPackageProductDependency section */
		49A37D2925DC53A9000A3658 /* SDWebImageSwiftUI */ = {
			isa = XCSwiftPackageProductDependency;
			package = 49A37D2825DC53A9000A3658 /* XCRemoteSwiftPackageReference "SDWebImageSwiftUI" */;
			productName = SDWebImageSwiftUI;
		};
/* End XCSwiftPackageProductDependency section */
	};
	rootObject = 496B9C1D25AB765000430AD3 /* Project object */;
}
